
Microsoft Visual Studio Solution File, Format Version 12.00
# Visual Studio Version 16
VisualStudioVersion = 16.0.29806.167
MinimumVisualStudioVersion = 10.0.40219.1
Project("{8BC9CEB8-8B4A-11D0-8D11-00A0C91BC942}") = "libexpat", "lib\expat.vcxproj", "{12114F72-A5CE-4859-AF16-E85F04208724}"
EndProject
Global
	GlobalSection(SolutionConfigurationPlatforms) = preSolution
		Debug|x64 = Debug|x64
		Debug|x86 = Debug|x86
		Release|x64 = Release|x64
		Release|x86 = Release|x86
		Template|x64 = Template|x64
		Template|x86 = Template|x86
	EndGlobalSection
	GlobalSection(ProjectConfigurationPlatforms) = postSolution
		{12114F72-A5CE-4859-AF16-E85F04208724}.Debug|x64.ActiveCfg = Debug|x64
		{12114F72-A5CE-4859-AF16-E85F04208724}.Debug|x64.Build.0 = Debug|x64
		{12114F72-A5CE-4859-AF16-E85F04208724}.Debug|x86.ActiveCfg = Debug|Win32
		{12114F72-A5CE-4859-AF16-E85F04208724}.Debug|x86.Build.0 = Debug|Win32
		{12114F72-A5CE-4859-AF16-E85F04208724}.Release|x64.ActiveCfg = Release|x64
		{12114F72-A5CE-4859-AF16-E85F04208724}.Release|x64.Build.0 = Release|x64
		{12114F72-A5CE-4859-AF16-E85F04208724}.Release|x86.ActiveCfg = Release|Win32
		{12114F72-A5CE-4859-AF16-E85F04208724}.Release|x86.Build.0 = Release|Win32
		{12114F72-A5CE-4859-AF16-E85F04208724}.Template|x64.ActiveCfg = Template|x64
		{12114F72-A5CE-4859-AF16-E85F04208724}.Template|x64.Build.0 = Template|x64
		{12114F72-A5CE-4859-AF16-E85F04208724}.Template|x86.ActiveCfg = Template|Win32
		{12114F72-A5CE-4859-AF16-E85F04208724}.Template|x86.Build.0 = Template|Win32
	EndGlobalSection
	GlobalSection(SolutionProperties) = preSolution
		HideSolutionNode = FALSE
	EndGlobalSection
	GlobalSection(ExtensibilityGlobals) = postSolution
		SolutionGuid = {43455DAD-0FAF-4E83-A03A-71A2BE7B1323}
	EndGlobalSection
EndGlobal
